
Microsoft Visual Studio Solution File, Format Version 12.00
# Visual Studio Version 17
VisualStudioVersion = 17.9.34728.123
MinimumVisualStudioVersion = 10.0.40219.1
Project("{FAE04EC0-301F-11D3-BF4B-00C04F79EFBC}") = "MechanicApp", "MechanicApp\MechanicApp.csproj", "{535811D2-8B44-4003-9D74-9513003F88D8}"
EndProject
Project("{FAE04EC0-301F-11D3-BF4B-00C04F79EFBC}") = "MechanicApp.Shared", "MechanicApp.Shared\MechanicApp.Shared.csproj", "{32921EE5-017B-48FA-9B7B-A5F7FA58E444}"
EndProject
Project("{FAE04EC0-301F-11D3-BF4B-00C04F79EFBC}") = "MechanicApp.UI", "MechanicApp.UI\MechanicApp.UI.csproj", "{EF9DA273-1AFD-487A-AF9F-02FEA22CC9FF}"
EndProject
Global
	GlobalSection(SolutionConfigurationPlatforms) = preSolution
		Debug|Any CPU = Debug|Any CPU
		Release|Any CPU = Release|Any CPU
	EndGlobalSection
	GlobalSection(ProjectConfigurationPlatforms) = postSolution
		{535811D2-8B44-4003-9D74-9513003F88D8}.Debug|Any CPU.ActiveCfg = Debug|Any CPU
		{535811D2-8B44-4003-9D74-9513003F88D8}.Debug|Any CPU.Build.0 = Debug|Any CPU
		{535811D2-8B44-4003-9D74-9513003F88D8}.Release|Any CPU.ActiveCfg = Release|Any CPU
		{535811D2-8B44-4003-9D74-9513003F88D8}.Release|Any CPU.Build.0 = Release|Any CPU
		{32921EE5-017B-48FA-9B7B-A5F7FA58E444}.Debug|Any CPU.ActiveCfg = Debug|Any CPU
		{32921EE5-017B-48FA-9B7B-A5F7FA58E444}.Debug|Any CPU.Build.0 = Debug|Any CPU
		{32921EE5-017B-48FA-9B7B-A5F7FA58E444}.Release|Any CPU.ActiveCfg = Release|Any CPU
		{32921EE5-017B-48FA-9B7B-A5F7FA58E444}.Release|Any CPU.Build.0 = Release|Any CPU
		{EF9DA273-1AFD-487A-AF9F-02FEA22CC9FF}.Debug|Any CPU.ActiveCfg = Debug|Any CPU
		{EF9DA273-1AFD-487A-AF9F-02FEA22CC9FF}.Debug|Any CPU.Build.0 = Debug|Any CPU
		{EF9DA273-1AFD-487A-AF9F-02FEA22CC9FF}.Release|Any CPU.ActiveCfg = Release|Any CPU
		{EF9DA273-1AFD-487A-AF9F-02FEA22CC9FF}.Release|Any CPU.Build.0 = Release|Any CPU
	EndGlobalSection
	GlobalSection(SolutionProperties) = preSolution
		HideSolutionNode = FALSE
	EndGlobalSection
	GlobalSection(ExtensibilityGlobals) = postSolution
		SolutionGuid = {92F80D8E-99A9-4BF2-927D-F5BB0F9E0BF1}
	EndGlobalSection
EndGlobal
